
Microsoft Visual Studio Solution File, Format Version 12.00
# Visual Studio 15
VisualStudioVersion = 15.0.28307.438
MinimumVisualStudioVersion = 10.0.40219.1
Project("{FAE04EC0-301F-11D3-BF4B-00C04F79EFBC}") = "TEHomeTest", "TEHomeTest\TEHomeTest.csproj", "{9A4836CB-CBB2-4656-9332-97EF5223AED8}"
EndProject
Project("{FAE04EC0-301F-11D3-BF4B-00C04F79EFBC}") = "Entities", "Entities\Entities.csproj", "{44076EA8-194B-4ECA-9E5B-171008F6F417}"
EndProject
Project("{FAE04EC0-301F-11D3-BF4B-00C04F79EFBC}") = "Repository", "Repository\Repository.csproj", "{6F5D4653-25E5-40BE-A7E5-60A20D35F1A3}"
EndProject
Project("{FAE04EC0-301F-11D3-BF4B-00C04F79EFBC}") = "Service", "Service\Service.csproj", "{79DA8E62-4DA9-43DD-A684-A313051F513B}"
EndProject
Project("{FAE04EC0-301F-11D3-BF4B-00C04F79EFBC}") = "Testing", "Testing\Testing.csproj", "{C4CCA1DF-288F-43FA-B7D7-18AC3D520075}"
EndProject
Global
	GlobalSection(SolutionConfigurationPlatforms) = preSolution
		Debug|Any CPU = Debug|Any CPU
		Release|Any CPU = Release|Any CPU
	EndGlobalSection
	GlobalSection(ProjectConfigurationPlatforms) = postSolution
		{9A4836CB-CBB2-4656-9332-97EF5223AED8}.Debug|Any CPU.ActiveCfg = Debug|Any CPU
		{9A4836CB-CBB2-4656-9332-97EF5223AED8}.Debug|Any CPU.Build.0 = Debug|Any CPU
		{9A4836CB-CBB2-4656-9332-97EF5223AED8}.Release|Any CPU.ActiveCfg = Release|Any CPU
		{9A4836CB-CBB2-4656-9332-97EF5223AED8}.Release|Any CPU.Build.0 = Release|Any CPU
		{44076EA8-194B-4ECA-9E5B-171008F6F417}.Debug|Any CPU.ActiveCfg = Debug|Any CPU
		{44076EA8-194B-4ECA-9E5B-171008F6F417}.Debug|Any CPU.Build.0 = Debug|Any CPU
		{44076EA8-194B-4ECA-9E5B-171008F6F417}.Release|Any CPU.ActiveCfg = Release|Any CPU
		{44076EA8-194B-4ECA-9E5B-171008F6F417}.Release|Any CPU.Build.0 = Release|Any CPU
		{6F5D4653-25E5-40BE-A7E5-60A20D35F1A3}.Debug|Any CPU.ActiveCfg = Debug|Any CPU
		{6F5D4653-25E5-40BE-A7E5-60A20D35F1A3}.Debug|Any CPU.Build.0 = Debug|Any CPU
		{6F5D4653-25E5-40BE-A7E5-60A20D35F1A3}.Release|Any CPU.ActiveCfg = Release|Any CPU
		{6F5D4653-25E5-40BE-A7E5-60A20D35F1A3}.Release|Any CPU.Build.0 = Release|Any CPU
		{79DA8E62-4DA9-43DD-A684-A313051F513B}.Debug|Any CPU.ActiveCfg = Debug|Any CPU
		{79DA8E62-4DA9-43DD-A684-A313051F513B}.Debug|Any CPU.Build.0 = Debug|Any CPU
		{79DA8E62-4DA9-43DD-A684-A313051F513B}.Release|Any CPU.ActiveCfg = Release|Any CPU
		{79DA8E62-4DA9-43DD-A684-A313051F513B}.Release|Any CPU.Build.0 = Release|Any CPU
		{C4CCA1DF-288F-43FA-B7D7-18AC3D520075}.Debug|Any CPU.ActiveCfg = Debug|Any CPU
		{C4CCA1DF-288F-43FA-B7D7-18AC3D520075}.Debug|Any CPU.Build.0 = Debug|Any CPU
		{C4CCA1DF-288F-43FA-B7D7-18AC3D520075}.Release|Any CPU.ActiveCfg = Release|Any CPU
		{C4CCA1DF-288F-43FA-B7D7-18AC3D520075}.Release|Any CPU.Build.0 = Release|Any CPU
	EndGlobalSection
	GlobalSection(SolutionProperties) = preSolution
		HideSolutionNode = FALSE
	EndGlobalSection
	GlobalSection(ExtensibilityGlobals) = postSolution
		SolutionGuid = {30A2B921-C794-49DD-BF20-A40A9BECC637}
	EndGlobalSection
EndGlobal
